
Microsoft Visual Studio Solution File, Format Version 12.00
# Visual Studio 15
VisualStudioVersion = 15.0.27130.2036
MinimumVisualStudioVersion = 10.0.40219.1
Project("{FAE04EC0-301F-11D3-BF4B-00C04F79EFBC}") = "FrontEnd", "FrontEnd.csproj", "{BB04EB0B-6B31-4D8D-B175-7032CC19E56A}"
EndProject
Project("{FAE04EC0-301F-11D3-BF4B-00C04F79EFBC}") = "LinqXml", "LinqXml\LinqXml.csproj", "{8E063C6E-A4C6-4720-AD8A-B7787FDDA6C4}"
EndProject
Project("{FAE04EC0-301F-11D3-BF4B-00C04F79EFBC}") = "ChartControlTest", "ChartControlTest\ChartControlTest.csproj", "{068CD37A-C0CC-4D96-B67E-43B96340F71B}"
EndProject
Project("{FAE04EC0-301F-11D3-BF4B-00C04F79EFBC}") = "TimerTest", "TimerTest\TimerTest.csproj", "{B1779593-CA8D-43FB-89CC-1F6C68876D0E}"
EndProject
Project("{FAE04EC0-301F-11D3-BF4B-00C04F79EFBC}") = "DPEvents", "DPEvents\DPEvents.csproj", "{6C47B937-0951-4377-B8EE-4C3A0BD7F95A}"
EndProject
Project("{FAE04EC0-301F-11D3-BF4B-00C04F79EFBC}") = "DPControls", "DPControls\DPControls.csproj", "{704B78CC-0307-43B0-97C0-ABFC9A20F28B}"
EndProject
Project("{FAE04EC0-301F-11D3-BF4B-00C04F79EFBC}") = "DPMainForm", "DPMainForm\DPMainForm.csproj", "{680E8A9C-06B3-4BFE-ABE7-4037378B29CD}"
EndProject
Global
	GlobalSection(SolutionConfigurationPlatforms) = preSolution
		Debug|Any CPU = Debug|Any CPU
		Debug|x64 = Debug|x64
		Debug|x86 = Debug|x86
		Release|Any CPU = Release|Any CPU
		Release|x64 = Release|x64
		Release|x86 = Release|x86
	EndGlobalSection
	GlobalSection(ProjectConfigurationPlatforms) = postSolution
		{BB04EB0B-6B31-4D8D-B175-7032CC19E56A}.Debug|Any CPU.ActiveCfg = Debug|Any CPU
		{BB04EB0B-6B31-4D8D-B175-7032CC19E56A}.Debug|Any CPU.Build.0 = Debug|Any CPU
		{BB04EB0B-6B31-4D8D-B175-7032CC19E56A}.Debug|x64.ActiveCfg = Debug|Any CPU
		{BB04EB0B-6B31-4D8D-B175-7032CC19E56A}.Debug|x64.Build.0 = Debug|Any CPU
		{BB04EB0B-6B31-4D8D-B175-7032CC19E56A}.Debug|x86.ActiveCfg = Debug|Any CPU
		{BB04EB0B-6B31-4D8D-B175-7032CC19E56A}.Debug|x86.Build.0 = Debug|Any CPU
		{BB04EB0B-6B31-4D8D-B175-7032CC19E56A}.Release|Any CPU.ActiveCfg = Release|Any CPU
		{BB04EB0B-6B31-4D8D-B175-7032CC19E56A}.Release|Any CPU.Build.0 = Release|Any CPU
		{BB04EB0B-6B31-4D8D-B175-7032CC19E56A}.Release|x64.ActiveCfg = Release|Any CPU
		{BB04EB0B-6B31-4D8D-B175-7032CC19E56A}.Release|x64.Build.0 = Release|Any CPU
		{BB04EB0B-6B31-4D8D-B175-7032CC19E56A}.Release|x86.ActiveCfg = Release|Any CPU
		{BB04EB0B-6B31-4D8D-B175-7032CC19E56A}.Release|x86.Build.0 = Release|Any CPU
		{8E063C6E-A4C6-4720-AD8A-B7787FDDA6C4}.Debug|Any CPU.ActiveCfg = Debug|Any CPU
		{8E063C6E-A4C6-4720-AD8A-B7787FDDA6C4}.Debug|Any CPU.Build.0 = Debug|Any CPU
		{8E063C6E-A4C6-4720-AD8A-B7787FDDA6C4}.Debug|x64.ActiveCfg = Debug|Any CPU
		{8E063C6E-A4C6-4720-AD8A-B7787FDDA6C4}.Debug|x64.Build.0 = Debug|Any CPU
		{8E063C6E-A4C6-4720-AD8A-B7787FDDA6C4}.Debug|x86.ActiveCfg = Debug|Any CPU
		{8E063C6E-A4C6-4720-AD8A-B7787FDDA6C4}.Debug|x86.Build.0 = Debug|Any CPU
		{8E063C6E-A4C6-4720-AD8A-B7787FDDA6C4}.Release|Any CPU.ActiveCfg = Release|Any CPU
		{8E063C6E-A4C6-4720-AD8A-B7787FDDA6C4}.Release|Any CPU.Build.0 = Release|Any CPU
		{8E063C6E-A4C6-4720-AD8A-B7787FDDA6C4}.Release|x64.ActiveCfg = Release|Any CPU
		{8E063C6E-A4C6-4720-AD8A-B7787FDDA6C4}.Release|x64.Build.0 = Release|Any CPU
		{8E063C6E-A4C6-4720-AD8A-B7787FDDA6C4}.Release|x86.ActiveCfg = Release|Any CPU
		{8E063C6E-A4C6-4720-AD8A-B7787FDDA6C4}.Release|x86.Build.0 = Release|Any CPU
		{068CD37A-C0CC-4D96-B67E-43B96340F71B}.Debug|Any CPU.ActiveCfg = Debug|Any CPU
		{068CD37A-C0CC-4D96-B67E-43B96340F71B}.Debug|Any CPU.Build.0 = Debug|Any CPU
		{068CD37A-C0CC-4D96-B67E-43B96340F71B}.Debug|x64.ActiveCfg = Debug|Any CPU
		{068CD37A-C0CC-4D96-B67E-43B96340F71B}.Debug|x64.Build.0 = Debug|Any CPU
		{068CD37A-C0CC-4D96-B67E-43B96340F71B}.Debug|x86.ActiveCfg = Debug|Any CPU
		{068CD37A-C0CC-4D96-B67E-43B96340F71B}.Debug|x86.Build.0 = Debug|Any CPU
		{068CD37A-C0CC-4D96-B67E-43B96340F71B}.Release|Any CPU.ActiveCfg = Release|Any CPU
		{068CD37A-C0CC-4D96-B67E-43B96340F71B}.Release|Any CPU.Build.0 = Release|Any CPU
		{068CD37A-C0CC-4D96-B67E-43B96340F71B}.Release|x64.ActiveCfg = Release|Any CPU
		{068CD37A-C0CC-4D96-B67E-43B96340F71B}.Release|x64.Build.0 = Release|Any CPU
		{068CD37A-C0CC-4D96-B67E-43B96340F71B}.Release|x86.ActiveCfg = Release|Any CPU
		{068CD37A-C0CC-4D96-B67E-43B96340F71B}.Release|x86.Build.0 = Release|Any CPU
		{B1779593-CA8D-43FB-89CC-1F6C68876D0E}.Debug|Any CPU.ActiveCfg = Debug|Any CPU
		{B1779593-CA8D-43FB-89CC-1F6C68876D0E}.Debug|Any CPU.Build.0 = Debug|Any CPU
		{B1779593-CA8D-43FB-89CC-1F6C68876D0E}.Debug|x64.ActiveCfg = Debug|Any CPU
		{B1779593-CA8D-43FB-89CC-1F6C68876D0E}.Debug|x64.Build.0 = Debug|Any CPU
		{B1779593-CA8D-43FB-89CC-1F6C68876D0E}.Debug|x86.ActiveCfg = Debug|Any CPU
		{B1779593-CA8D-43FB-89CC-1F6C68876D0E}.Debug|x86.Build.0 = Debug|Any CPU
		{B1779593-CA8D-43FB-89CC-1F6C68876D0E}.Release|Any CPU.ActiveCfg = Release|Any CPU
		{B1779593-CA8D-43FB-89CC-1F6C68876D0E}.Release|Any CPU.Build.0 = Release|Any CPU
		{B1779593-CA8D-43FB-89CC-1F6C68876D0E}.Release|x64.ActiveCfg = Release|Any CPU
		{B1779593-CA8D-43FB-89CC-1F6C68876D0E}.Release|x64.Build.0 = Release|Any CPU
		{B1779593-CA8D-43FB-89CC-1F6C68876D0E}.Release|x86.ActiveCfg = Release|Any CPU
		{B1779593-CA8D-43FB-89CC-1F6C68876D0E}.Release|x86.Build.0 = Release|Any CPU
		{6C47B937-0951-4377-B8EE-4C3A0BD7F95A}.Debug|Any CPU.ActiveCfg = Debug|Any CPU
		{6C47B937-0951-4377-B8EE-4C3A0BD7F95A}.Debug|Any CPU.Build.0 = Debug|Any CPU
		{6C47B937-0951-4377-B8EE-4C3A0BD7F95A}.Debug|x64.ActiveCfg = Debug|Any CPU
		{6C47B937-0951-4377-B8EE-4C3A0BD7F95A}.Debug|x64.Build.0 = Debug|Any CPU
		{6C47B937-0951-4377-B8EE-4C3A0BD7F95A}.Debug|x86.ActiveCfg = Debug|Any CPU
		{6C47B937-0951-4377-B8EE-4C3A0BD7F95A}.Debug|x86.Build.0 = Debug|Any CPU
		{6C47B937-0951-4377-B8EE-4C3A0BD7F95A}.Release|Any CPU.ActiveCfg = Release|Any CPU
		{6C47B937-0951-4377-B8EE-4C3A0BD7F95A}.Release|Any CPU.Build.0 = Release|Any CPU
		{6C47B937-0951-4377-B8EE-4C3A0BD7F95A}.Release|x64.ActiveCfg = Release|Any CPU
		{6C47B937-0951-4377-B8EE-4C3A0BD7F95A}.Release|x64.Build.0 = Release|Any CPU
		{6C47B937-0951-4377-B8EE-4C3A0BD7F95A}.Release|x86.ActiveCfg = Release|Any CPU
		{6C47B937-0951-4377-B8EE-4C3A0BD7F95A}.Release|x86.Build.0 = Release|Any CPU
		{704B78CC-0307-43B0-97C0-ABFC9A20F28B}.Debug|Any CPU.ActiveCfg = Debug|Any CPU
		{704B78CC-0307-43B0-97C0-ABFC9A20F28B}.Debug|Any CPU.Build.0 = Debug|Any CPU
		{704B78CC-0307-43B0-97C0-ABFC9A20F28B}.Debug|x64.ActiveCfg = Debug|Any CPU
		{704B78CC-0307-43B0-97C0-ABFC9A20F28B}.Debug|x64.Build.0 = Debug|Any CPU
		{704B78CC-0307-43B0-97C0-ABFC9A20F28B}.Debug|x86.ActiveCfg = Debug|Any CPU
		{704B78CC-0307-43B0-97C0-ABFC9A20F28B}.Debug|x86.Build.0 = Debug|Any CPU
		{704B78CC-0307-43B0-97C0-ABFC9A20F28B}.Release|Any CPU.ActiveCfg = Release|Any CPU
		{704B78CC-0307-43B0-97C0-ABFC9A20F28B}.Release|Any CPU.Build.0 = Release|Any CPU
		{704B78CC-0307-43B0-97C0-ABFC9A20F28B}.Release|x64.ActiveCfg = Release|Any CPU
		{704B78CC-0307-43B0-97C0-ABFC9A20F28B}.Release|x64.Build.0 = Release|Any CPU
		{704B78CC-0307-43B0-97C0-ABFC9A20F28B}.Release|x86.ActiveCfg = Release|Any CPU
		{704B78CC-0307-43B0-97C0-ABFC9A20F28B}.Release|x86.Build.0 = Release|Any CPU
		{680E8A9C-06B3-4BFE-ABE7-4037378B29CD}.Debug|Any CPU.ActiveCfg = Debug|Any CPU
		{680E8A9C-06B3-4BFE-ABE7-4037378B29CD}.Debug|Any CPU.Build.0 = Debug|Any CPU
		{680E8A9C-06B3-4BFE-ABE7-4037378B29CD}.Debug|x64.ActiveCfg = Debug|Any CPU
		{680E8A9C-06B3-4BFE-ABE7-4037378B29CD}.Debug|x64.Build.0 = Debug|Any CPU
		{680E8A9C-06B3-4BFE-ABE7-4037378B29CD}.Debug|x86.ActiveCfg = Debug|Any CPU
		{680E8A9C-06B3-4BFE-ABE7-4037378B29CD}.Debug|x86.Build.0 = Debug|Any CPU
		{680E8A9C-06B3-4BFE-ABE7-4037378B29CD}.Release|Any CPU.ActiveCfg = Release|Any CPU
		{680E8A9C-06B3-4BFE-ABE7-4037378B29CD}.Release|Any CPU.Build.0 = Release|Any CPU
		{680E8A9C-06B3-4BFE-ABE7-4037378B29CD}.Release|x64.ActiveCfg = Release|Any CPU
		{680E8A9C-06B3-4BFE-ABE7-4037378B29CD}.Release|x64.Build.0 = Release|Any CPU
		{680E8A9C-06B3-4BFE-ABE7-4037378B29CD}.Release|x86.ActiveCfg = Release|Any CPU
		{680E8A9C-06B3-4BFE-ABE7-4037378B29CD}.Release|x86.Build.0 = Release|Any CPU
	EndGlobalSection
	GlobalSection(SolutionProperties) = preSolution
		HideSolutionNode = FALSE
	EndGlobalSection
	GlobalSection(ExtensibilityGlobals) = postSolution
		SolutionGuid = {A442C166-B7AF-49B0-AE1D-1F39DDE3AE56}
	EndGlobalSection
EndGlobal
